
Microsoft Visual Studio Solution File, Format Version 12.00
# Visual Studio Version 17
VisualStudioVersion = 17.11.35312.102
MinimumVisualStudioVersion = 10.0.40219.1
Project("{FAE04EC0-301F-11D3-BF4B-00C04F79EFBC}") = "FilmesAPI", "FilmesAPI\FilmesAPI.csproj", "{E8778FA6-23CE-4794-A724-67911A315841}"
EndProject
Global
	GlobalSection(SolutionConfigurationPlatforms) = preSolution
		Debug|Any CPU = Debug|Any CPU
		Release|Any CPU = Release|Any CPU
	EndGlobalSection
	GlobalSection(ProjectConfigurationPlatforms) = postSolution
		{E8778FA6-23CE-4794-A724-67911A315841}.Debug|Any CPU.ActiveCfg = Debug|Any CPU
		{E8778FA6-23CE-4794-A724-67911A315841}.Debug|Any CPU.Build.0 = Debug|Any CPU
		{E8778FA6-23CE-4794-A724-67911A315841}.Release|Any CPU.ActiveCfg = Release|Any CPU
		{E8778FA6-23CE-4794-A724-67911A315841}.Release|Any CPU.Build.0 = Release|Any CPU
	EndGlobalSection
	GlobalSection(SolutionProperties) = preSolution
		HideSolutionNode = FALSE
	EndGlobalSection
	GlobalSection(ExtensibilityGlobals) = postSolution
		SolutionGuid = {39544320-536F-4C8B-9202-33AD62035716}
	EndGlobalSection
EndGlobal
